
Microsoft Visual Studio Solution File, Format Version 12.00
# Visual Studio Version 16
VisualStudioVersion = 16.0.31424.327
MinimumVisualStudioVersion = 10.0.40219.1
Project("{FAE04EC0-301F-11D3-BF4B-00C04F79EFBC}") = "VowelCheck", "VowelCheck.csproj", "{997DF0DE-BDD4-4893-9AFB-CAE6467663FE}"
EndProject
Global
	GlobalSection(SolutionConfigurationPlatforms) = preSolution
		Debug|Any CPU = Debug|Any CPU
		Release|Any CPU = Release|Any CPU
	EndGlobalSection
	GlobalSection(ProjectConfigurationPlatforms) = postSolution
		{997DF0DE-BDD4-4893-9AFB-CAE6467663FE}.Debug|Any CPU.ActiveCfg = Debug|Any CPU
		{997DF0DE-BDD4-4893-9AFB-CAE6467663FE}.Debug|Any CPU.Build.0 = Debug|Any CPU
		{997DF0DE-BDD4-4893-9AFB-CAE6467663FE}.Release|Any CPU.ActiveCfg = Release|Any CPU
		{997DF0DE-BDD4-4893-9AFB-CAE6467663FE}.Release|Any CPU.Build.0 = Release|Any CPU
	EndGlobalSection
	GlobalSection(SolutionProperties) = preSolution
		HideSolutionNode = FALSE
	EndGlobalSection
	GlobalSection(ExtensibilityGlobals) = postSolution
		SolutionGuid = {03BF727F-32CF-4750-AB7C-7D3F88C1AB93}
	EndGlobalSection
EndGlobal
