
Microsoft Visual Studio Solution File, Format Version 12.00
# Visual Studio Version 16
VisualStudioVersion = 16.0.31424.327
MinimumVisualStudioVersion = 10.0.40219.1
Project("{FAE04EC0-301F-11D3-BF4B-00C04F79EFBC}") = "EvenOrOdd", "EvenOrOdd.csproj", "{62CD2621-BC9D-47B6-A140-0118DAD53EEC}"
EndProject
Global
	GlobalSection(SolutionConfigurationPlatforms) = preSolution
		Debug|Any CPU = Debug|Any CPU
		Release|Any CPU = Release|Any CPU
	EndGlobalSection
	GlobalSection(ProjectConfigurationPlatforms) = postSolution
		{62CD2621-BC9D-47B6-A140-0118DAD53EEC}.Debug|Any CPU.ActiveCfg = Debug|Any CPU
		{62CD2621-BC9D-47B6-A140-0118DAD53EEC}.Debug|Any CPU.Build.0 = Debug|Any CPU
		{62CD2621-BC9D-47B6-A140-0118DAD53EEC}.Release|Any CPU.ActiveCfg = Release|Any CPU
		{62CD2621-BC9D-47B6-A140-0118DAD53EEC}.Release|Any CPU.Build.0 = Release|Any CPU
	EndGlobalSection
	GlobalSection(SolutionProperties) = preSolution
		HideSolutionNode = FALSE
	EndGlobalSection
	GlobalSection(ExtensibilityGlobals) = postSolution
		SolutionGuid = {42EBCC03-AC64-4D51-BC32-44C10FD81D7F}
	EndGlobalSection
EndGlobal
