
Microsoft Visual Studio Solution File, Format Version 12.00
# Visual Studio Version 16
VisualStudioVersion = 16.0.31424.327
MinimumVisualStudioVersion = 10.0.40219.1
Project("{FAE04EC0-301F-11D3-BF4B-00C04F79EFBC}") = "PrimeFactorization", "PrimeFactorization.csproj", "{E7418562-B519-485D-A8C1-C94B08D6D103}"
EndProject
Global
	GlobalSection(SolutionConfigurationPlatforms) = preSolution
		Debug|Any CPU = Debug|Any CPU
		Release|Any CPU = Release|Any CPU
	EndGlobalSection
	GlobalSection(ProjectConfigurationPlatforms) = postSolution
		{E7418562-B519-485D-A8C1-C94B08D6D103}.Debug|Any CPU.ActiveCfg = Debug|Any CPU
		{E7418562-B519-485D-A8C1-C94B08D6D103}.Debug|Any CPU.Build.0 = Debug|Any CPU
		{E7418562-B519-485D-A8C1-C94B08D6D103}.Release|Any CPU.ActiveCfg = Release|Any CPU
		{E7418562-B519-485D-A8C1-C94B08D6D103}.Release|Any CPU.Build.0 = Release|Any CPU
	EndGlobalSection
	GlobalSection(SolutionProperties) = preSolution
		HideSolutionNode = FALSE
	EndGlobalSection
	GlobalSection(ExtensibilityGlobals) = postSolution
		SolutionGuid = {84041BE1-99BB-46C9-8747-E35890985D2C}
	EndGlobalSection
EndGlobal
